// !$*UTF8*$!
{
	archiveVersion = 1;
	classes = {
	};
	objectVersion = 51;
	objects = {

/* Begin PBXBuildFile section */
		08A0616826056A0700A69D41 /* LoginViewController.swift in Sources */ = {isa = PBXBuildFile; fileRef = 08A0616726056A0700A69D41 /* LoginViewController.swift */; };
		08A0616D26056A1100A69D41 /* FeedViewController.swift in Sources */ = {isa = PBXBuildFile; fileRef = 08A0616C26056A1100A69D41 /* FeedViewController.swift */; };
		08A06172260571E500A69D41 /* CameraViewController.swift in Sources */ = {isa = PBXBuildFile; fileRef = 08A06171260571E500A69D41 /* CameraViewController.swift */; };
		08B2774926056541007BCAFB /* AppDelegate.swift in Sources */ = {isa = PBXBuildFile; fileRef = 08B2774826056541007BCAFB /* AppDelegate.swift */; };
		08B2774B26056541007BCAFB /* SceneDelegate.swift in Sources */ = {isa = PBXBuildFile; fileRef = 08B2774A26056541007BCAFB /* SceneDelegate.swift */; };
		08B2775026056541007BCAFB /* Main.storyboard in Resources */ = {isa = PBXBuildFile; fileRef = 08B2774E26056541007BCAFB /* Main.storyboard */; };
		08B2775226056542007BCAFB /* Assets.xcassets in Resources */ = {isa = PBXBuildFile; fileRef = 08B2775126056542007BCAFB /* Assets.xcassets */; };
		08B2775526056542007BCAFB /* LaunchScreen.storyboard in Resources */ = {isa = PBXBuildFile; fileRef = 08B2775326056542007BCAFB /* LaunchScreen.storyboard */; };
		08B2776026056542007BCAFB /* ParstagramTests.swift in Sources */ = {isa = PBXBuildFile; fileRef = 08B2775F26056542007BCAFB /* ParstagramTests.swift */; };
		08B2776B26056542007BCAFB /* ParstagramUITests.swift in Sources */ = {isa = PBXBuildFile; fileRef = 08B2776A26056542007BCAFB /* ParstagramUITests.swift */; };
		08E0F0E92605B2FD0018658F /* PostCell.swift in Sources */ = {isa = PBXBuildFile; fileRef = 08E0F0E82605B2FD0018658F /* PostCell.swift */; };
		C88A1D60774EE8D2AB4674E8 /* Pods_Parstagram_ParstagramUITests.framework in Frameworks */ = {isa = PBXBuildFile; fileRef = 54B097E56B8835AA34F19BF9 /* Pods_Parstagram_ParstagramUITests.framework */; };
		EFEC82679DA455743183DCC8 /* Pods_ParstagramTests.framework in Frameworks */ = {isa = PBXBuildFile; fileRef = 02841FD759997DA13B0459BD /* Pods_ParstagramTests.framework */; };
		F21A27046D7022792D2B9875 /* Pods_Parstagram.framework in Frameworks */ = {isa = PBXBuildFile; fileRef = E74B65E343611463438BF39D /* Pods_Parstagram.framework */; };
/* End PBXBuildFile section */

/* Begin PBXContainerItemProxy section */
		08B2775C26056542007BCAFB /* PBXContainerItemProxy */ = {
			isa = PBXContainerItemProxy;
			containerPortal = 08B2773D26056541007BCAFB /* Project object */;
			proxyType = 1;
			remoteGlobalIDString = 08B2774426056541007BCAFB;
			remoteInfo = Parstagram;
		};
		08B2776726056542007BCAFB /* PBXContainerItemProxy */ = {
			isa = PBXContainerItemProxy;
			containerPortal = 08B2773D26056541007BCAFB /* Project object */;
			proxyType = 1;
			remoteGlobalIDString = 08B2774426056541007BCAFB;
			remoteInfo = Parstagram;
		};
/* End PBXContainerItemProxy section */

/* Begin PBXFileReference section */
		02841FD759997DA13B0459BD /* Pods_ParstagramTests.framework */ = {isa = PBXFileReference; explicitFileType = wrapper.framework; includeInIndex = 0; path = Pods_ParstagramTests.framework; sourceTree = BUILT_PRODUCTS_DIR; };
		08A0616726056A0700A69D41 /* LoginViewController.swift */ = {isa = PBXFileReference; lastKnownFileType = sourcecode.swift; path = LoginViewController.swift; sourceTree = "<group>"; };
		08A0616C26056A1100A69D41 /* FeedViewController.swift */ = {isa = PBXFileReference; lastKnownFileType = sourcecode.swift; path = FeedViewController.swift; sourceTree = "<group>"; };
		08A06171260571E500A69D41 /* CameraViewController.swift */ = {isa = PBXFileReference; lastKnownFileType = sourcecode.swift; path = CameraViewController.swift; sourceTree = "<group>"; };
		08B2774526056541007BCAFB /* Parstagram.app */ = {isa = PBXFileReference; explicitFileType = wrapper.application; includeInIndex = 0; path = Parstagram.app; sourceTree = BUILT_PRODUCTS_DIR; };
		08B2774826056541007BCAFB /* AppDelegate.swift */ = {isa = PBXFileReference; lastKnownFileType = sourcecode.swift; path = AppDelegate.swift; sourceTree = "<group>"; };
		08B2774A26056541007BCAFB /* SceneDelegate.swift */ = {isa = PBXFileReference; lastKnownFileType = sourcecode.swift; path = SceneDelegate.swift; sourceTree = "<group>"; };
		08B2774F26056541007BCAFB /* Base */ = {isa = PBXFileReference; lastKnownFileType = file.storyboard; name = Base; path = Base.lproj/Main.storyboard; sourceTree = "<group>"; };
		08B2775126056542007BCAFB /* Assets.xcassets */ = {isa = PBXFileReference; lastKnownFileType = folder.assetcatalog; path = Assets.xcassets; sourceTree = "<group>"; };
		08B2775426056542007BCAFB /* Base */ = {isa = PBXFileReference; lastKnownFileType = file.storyboard; name = Base; path = Base.lproj/LaunchScreen.storyboard; sourceTree = "<group>"; };
		08B2775626056542007BCAFB /* Info.plist */ = {isa = PBXFileReference; lastKnownFileType = text.plist.xml; path = Info.plist; sourceTree = "<group>"; };
		08B2775B26056542007BCAFB /* ParstagramTests.xctest */ = {isa = PBXFileReference; explicitFileType = wrapper.cfbundle; includeInIndex = 0; path = ParstagramTests.xctest; sourceTree = BUILT_PRODUCTS_DIR; };
		08B2775F26056542007BCAFB /* ParstagramTests.swift */ = {isa = PBXFileReference; lastKnownFileType = sourcecode.swift; path = ParstagramTests.swift; sourceTree = "<group>"; };
		08B2776126056542007BCAFB /* Info.plist */ = {isa = PBXFileReference; lastKnownFileType = text.plist.xml; path = Info.plist; sourceTree = "<group>"; };
		08B2776626056542007BCAFB /* ParstagramUITests.xctest */ = {isa = PBXFileReference; explicitFileType = wrapper.cfbundle; includeInIndex = 0; path = ParstagramUITests.xctest; sourceTree = BUILT_PRODUCTS_DIR; };
		08B2776A26056542007BCAFB /* ParstagramUITests.swift */ = {isa = PBXFileReference; lastKnownFileType = sourcecode.swift; path = ParstagramUITests.swift; sourceTree = "<group>"; };
		08B2776C26056542007BCAFB /* Info.plist */ = {isa = PBXFileReference; lastKnownFileType = text.plist.xml; path = Info.plist; sourceTree = "<group>"; };
		08E0F0E82605B2FD0018658F /* PostCell.swift */ = {isa = PBXFileReference; lastKnownFileType = sourcecode.swift; path = PostCell.swift; sourceTree = "<group>"; };
		15D13DF3AF8BFB01BE1F6108 /* Pods-Parstagram.release.xcconfig */ = {isa = PBXFileReference; includeInIndex = 1; lastKnownFileType = text.xcconfig; name = "Pods-Parstagram.release.xcconfig"; path = "Target Support Files/Pods-Parstagram/Pods-Parstagram.release.xcconfig"; sourceTree = "<group>"; };
		54B097E56B8835AA34F19BF9 /* Pods_Parstagram_ParstagramUITests.framework */ = {isa = PBXFileReference; explicitFileType = wrapper.framework; includeInIndex = 0; path = Pods_Parstagram_ParstagramUITests.framework; sourceTree = BUILT_PRODUCTS_DIR; };
		6D1990F7417F6774E25F0FE0 /* Pods-Parstagram-ParstagramUITests.debug.xcconfig */ = {isa = PBXFileReference; includeInIndex = 1; lastKnownFileType = text.xcconfig; name = "Pods-Parstagram-ParstagramUITests.debug.xcconfig"; path = "Target Support Files/Pods-Parstagram-ParstagramUITests/Pods-Parstagram-ParstagramUITests.debug.xcconfig"; sourceTree = "<group>"; };
		BEDA2F90DF44BADB1964C5F3 /* Pods-ParstagramTests.debug.xcconfig */ = {isa = PBXFileReference; includeInIndex = 1; lastKnownFileType = text.xcconfig; name = "Pods-ParstagramTests.debug.xcconfig"; path = "Target Support Files/Pods-ParstagramTests/Pods-ParstagramTests.debug.xcconfig"; sourceTree = "<group>"; };
		DA678F25B371B915BFA3972E /* Pods-ParstagramTests.release.xcconfig */ = {isa = PBXFileReference; includeInIndex = 1; lastKnownFileType = text.xcconfig; name = "Pods-ParstagramTests.release.xcconfig"; path = "Target Support Files/Pods-ParstagramTests/Pods-ParstagramTests.release.xcconfig"; sourceTree = "<group>"; };
		E3D232D784ED66427A22ED7D /* Pods-Parstagram.debug.xcconfig */ = {isa = PBXFileReference; includeInIndex = 1; lastKnownFileType = text.xcconfig; name = "Pods-Parstagram.debug.xcconfig"; path = "Target Support Files/Pods-Parstagram/Pods-Parstagram.debug.xcconfig"; sourceTree = "<group>"; };
		E74B65E343611463438BF39D /* Pods_Parstagram.framework */ = {isa = PBXFileReference; explicitFileType = wrapper.framework; includeInIndex = 0; path = Pods_Parstagram.framework; sourceTree = BUILT_PRODUCTS_DIR; };
		F7E48B91E3ECF07E7D67E165 /* Pods-Parstagram-ParstagramUITests.release.xcconfig */ = {isa = PBXFileReference; includeInIndex = 1; lastKnownFileType = text.xcconfig; name = "Pods-Parstagram-ParstagramUITests.release.xcconfig"; path = "Target Support Files/Pods-Parstagram-ParstagramUITests/Pods-Parstagram-ParstagramUITests.release.xcconfig"; sourceTree = "<group>"; };
/* End PBXFileReference section */

/* Begin PBXFrameworksBuildPhase section */
		08B2774226056541007BCAFB /* Frameworks */ = {
			isa = PBXFrameworksBuildPhase;
			buildActionMask = 2147483647;
			files = (
				F21A27046D7022792D2B9875 /* Pods_Parstagram.framework in Frameworks */,
			);
			runOnlyForDeploymentPostprocessing = 0;
		};
		08B2775826056542007BCAFB /* Frameworks */ = {
			isa = PBXFrameworksBuildPhase;
			buildActionMask = 2147483647;
			files = (
				EFEC82679DA455743183DCC8 /* Pods_ParstagramTests.framework in Frameworks */,
			);
			runOnlyForDeploymentPostprocessing = 0;
		};
		08B2776326056542007BCAFB /* Frameworks */ = {
			isa = PBXFrameworksBuildPhase;
			buildActionMask = 2147483647;
			files = (
				C88A1D60774EE8D2AB4674E8 /* Pods_Parstagram_ParstagramUITests.framework in Frameworks */,
			);
			runOnlyForDeploymentPostprocessing = 0;
		};
/* End PBXFrameworksBuildPhase section */

/* Begin PBXGroup section */
		08B2773C26056541007BCAFB = {
			isa = PBXGroup;
			children = (
				08B2774726056541007BCAFB /* Parstagram */,
				08B2775E26056542007BCAFB /* ParstagramTests */,
				08B2776926056542007BCAFB /* ParstagramUITests */,
				08B2774626056541007BCAFB /* Products */,
				C278A0CC6A0EC77E8F3F970A /* Pods */,
				6BF081CF5CA563B1D78BBB6F /* Frameworks */,
			);
			sourceTree = "<group>";
		};
		08B2774626056541007BCAFB /* Products */ = {
			isa = PBXGroup;
			children = (
				08B2774526056541007BCAFB /* Parstagram.app */,
				08B2775B26056542007BCAFB /* ParstagramTests.xctest */,
				08B2776626056542007BCAFB /* ParstagramUITests.xctest */,
			);
			name = Products;
			sourceTree = "<group>";
		};
		08B2774726056541007BCAFB /* Parstagram */ = {
			isa = PBXGroup;
			children = (
				08B2774826056541007BCAFB /* AppDelegate.swift */,
				08B2774A26056541007BCAFB /* SceneDelegate.swift */,
				08B2774E26056541007BCAFB /* Main.storyboard */,
				08B2775126056542007BCAFB /* Assets.xcassets */,
				08B2775326056542007BCAFB /* LaunchScreen.storyboard */,
				08B2775626056542007BCAFB /* Info.plist */,
				08A0616726056A0700A69D41 /* LoginViewController.swift */,
				08A0616C26056A1100A69D41 /* FeedViewController.swift */,
				08A06171260571E500A69D41 /* CameraViewController.swift */,
				08E0F0E82605B2FD0018658F /* PostCell.swift */,
			);
			path = Parstagram;
			sourceTree = "<group>";
		};
		08B2775E26056542007BCAFB /* ParstagramTests */ = {
			isa = PBXGroup;
			children = (
				08B2775F26056542007BCAFB /* ParstagramTests.swift */,
				08B2776126056542007BCAFB /* Info.plist */,
			);
			path = ParstagramTests;
			sourceTree = "<group>";
		};
		08B2776926056542007BCAFB /* ParstagramUITests */ = {
			isa = PBXGroup;
			children = (
				08B2776A26056542007BCAFB /* ParstagramUITests.swift */,
				08B2776C26056542007BCAFB /* Info.plist */,
			);
			path = ParstagramUITests;
			sourceTree = "<group>";
		};
		6BF081CF5CA563B1D78BBB6F /* Frameworks */ = {
			isa = PBXGroup;
			children = (
				E74B65E343611463438BF39D /* Pods_Parstagram.framework */,
				54B097E56B8835AA34F19BF9 /* Pods_Parstagram_ParstagramUITests.framework */,
				02841FD759997DA13B0459BD /* Pods_ParstagramTests.framework */,
			);
			name = Frameworks;
			sourceTree = "<group>";
		};
		C278A0CC6A0EC77E8F3F970A /* Pods */ = {
			isa = PBXGroup;
			children = (
				E3D232D784ED66427A22ED7D /* Pods-Parstagram.debug.xcconfig */,
				15D13DF3AF8BFB01BE1F6108 /* Pods-Parstagram.release.xcconfig */,
				6D1990F7417F6774E25F0FE0 /* Pods-Parstagram-ParstagramUITests.debug.xcconfig */,
				F7E48B91E3ECF07E7D67E165 /* Pods-Parstagram-ParstagramUITests.release.xcconfig */,
				BEDA2F90DF44BADB1964C5F3 /* Pods-ParstagramTests.debug.xcconfig */,
				DA678F25B371B915BFA3972E /* Pods-ParstagramTests.release.xcconfig */,
			);
			path = Pods;
			sourceTree = "<group>";
		};
/* End PBXGroup section */

/* Begin PBXNativeTarget section */
		08B2774426056541007BCAFB /* Parstagram */ = {
			isa = PBXNativeTarget;
			buildConfigurationList = 08B2776F26056542007BCAFB /* Build configuration list for PBXNativeTarget "Parstagram" */;
			buildPhases = (
				0DF1D6D9EB652F918C034940 /* [CP] Check Pods Manifest.lock */,
				08B2774126056541007BCAFB /* Sources */,
				08B2774226056541007BCAFB /* Frameworks */,
				08B2774326056541007BCAFB /* Resources */,
				8760BA16E522E8C9792DE755 /* [CP] Embed Pods Frameworks */,
			);
			buildRules = (
			);
			dependencies = (
			);
			name = Parstagram;
			productName = Parstagram;
			productReference = 08B2774526056541007BCAFB /* Parstagram.app */;
			productType = "com.apple.product-type.application";
		};
		08B2775A26056542007BCAFB /* ParstagramTests */ = {
			isa = PBXNativeTarget;
			buildConfigurationList = 08B2777226056542007BCAFB /* Build configuration list for PBXNativeTarget "ParstagramTests" */;
			buildPhases = (
				B2E38EAB3A14EE9734A16494 /* [CP] Check Pods Manifest.lock */,
				08B2775726056542007BCAFB /* Sources */,
				08B2775826056542007BCAFB /* Frameworks */,
				08B2775926056542007BCAFB /* Resources */,
			);
			buildRules = (
			);
			dependencies = (
				08B2775D26056542007BCAFB /* PBXTargetDependency */,
			);
			name = ParstagramTests;
			productName = ParstagramTests;
			productReference = 08B2775B26056542007BCAFB /* ParstagramTests.xctest */;
			productType = "com.apple.product-type.bundle.unit-test";
		};
		08B2776526056542007BCAFB /* ParstagramUITests */ = {
			isa = PBXNativeTarget;
			buildConfigurationList = 08B2777526056542007BCAFB /* Build configuration list for PBXNativeTarget "ParstagramUITests" */;
			buildPhases = (
				10BE08036A14BD7248BF7878 /* [CP] Check Pods Manifest.lock */,
				08B2776226056542007BCAFB /* Sources */,
				08B2776326056542007BCAFB /* Frameworks */,
				08B2776426056542007BCAFB /* Resources */,
				E701672CE2B7FAD5B10EDB1A /* [CP] Embed Pods Frameworks */,
			);
			buildRules = (
			);
			dependencies = (
				08B2776826056542007BCAFB /* PBXTargetDependency */,
			);
			name = ParstagramUITests;
			productName = ParstagramUITests;
			productReference = 08B2776626056542007BCAFB /* ParstagramUITests.xctest */;
			productType = "com.apple.product-type.bundle.ui-testing";
		};
/* End PBXNativeTarget section */

/* Begin PBXProject section */
		08B2773D26056541007BCAFB /* Project object */ = {
			isa = PBXProject;
			attributes = {
				LastSwiftUpdateCheck = 1240;
				LastUpgradeCheck = 1240;
				TargetAttributes = {
					08B2774426056541007BCAFB = {
						CreatedOnToolsVersion = 12.4;
					};
					08B2775A26056542007BCAFB = {
						CreatedOnToolsVersion = 12.4;
						TestTargetID = 08B2774426056541007BCAFB;
					};
					08B2776526056542007BCAFB = {
						CreatedOnToolsVersion = 12.4;
						TestTargetID = 08B2774426056541007BCAFB;
					};
				};
			};
			buildConfigurationList = 08B2774026056541007BCAFB /* Build configuration list for PBXProject "Parstagram" */;
			compatibilityVersion = "Xcode 9.3";
			developmentRegion = en;
			hasScannedForEncodings = 0;
			knownRegions = (
				en,
				Base,
			);
			mainGroup = 08B2773C26056541007BCAFB;
			productRefGroup = 08B2774626056541007BCAFB /* Products */;
			projectDirPath = "";
			projectRoot = "";
			targets = (
				08B2774426056541007BCAFB /* Parstagram */,
				08B2775A26056542007BCAFB /* ParstagramTests */,
				08B2776526056542007BCAFB /* ParstagramUITests */,
			);
		};
/* End PBXProject section */

/* Begin PBXResourcesBuildPhase section */
		08B2774326056541007BCAFB /* Resources */ = {
			isa = PBXResourcesBuildPhase;
			buildActionMask = 2147483647;
			files = (
				08B2775526056542007BCAFB /* LaunchScreen.storyboard in Resources */,
				08B2775226056542007BCAFB /* Assets.xcassets in Resources */,
				08B2775026056541007BCAFB /* Main.storyboard in Resources */,
			);
			runOnlyForDeploymentPostprocessing = 0;
		};
		08B2775926056542007BCAFB /* Resources */ = {
			isa = PBXResourcesBuildPhase;
			buildActionMask = 2147483647;
			files = (
			);
			runOnlyForDeploymentPostprocessing = 0;
		};
		08B2776426056542007BCAFB /* Resources */ = {
			isa = PBXResourcesBuildPhase;
			buildActionMask = 2147483647;
			files = (
			);
			runOnlyForDeploymentPostprocessing = 0;
		};
/* End PBXResourcesBuildPhase section */

/* Begin PBXShellScriptBuildPhase section */
		0DF1D6D9EB652F918C034940 /* [CP] Check Pods Manifest.lock */ = {
			isa = PBXShellScriptBuildPhase;
			buildActionMask = 2147483647;
			files = (
			);
			inputFileListPaths = (
			);
			inputPaths = (
				"${PODS_PODFILE_DIR_PATH}/Podfile.lock",
				"${PODS_ROOT}/Manifest.lock",
			);
			name = "[CP] Check Pods Manifest.lock";
			outputFileListPaths = (
			);
			outputPaths = (
				"$(DERIVED_FILE_DIR)/Pods-Parstagram-checkManifestLockResult.txt",
			);
			runOnlyForDeploymentPostprocessing = 0;
			shellPath = /bin/sh;
			shellScript = "diff \"${PODS_PODFILE_DIR_PATH}/Podfile.lock\" \"${PODS_ROOT}/Manifest.lock\" > /dev/null\nif [ $? != 0 ] ; then\n    # print error to STDERR\n    echo \"error: The sandbox is not in sync with the Podfile.lock. Run 'pod install' or update your CocoaPods installation.\" >&2\n    exit 1\nfi\n# This output is used by Xcode 'outputs' to avoid re-running this script phase.\necho \"SUCCESS\" > \"${SCRIPT_OUTPUT_FILE_0}\"\n";
			showEnvVarsInLog = 0;
		};
		10BE08036A14BD7248BF7878 /* [CP] Check Pods Manifest.lock */ = {
			isa = PBXShellScriptBuildPhase;
			buildActionMask = 2147483647;
			files = (
			);
			inputFileListPaths = (
			);
			inputPaths = (
				"${PODS_PODFILE_DIR_PATH}/Podfile.lock",
				"${PODS_ROOT}/Manifest.lock",
			);
			name = "[CP] Check Pods Manifest.lock";
			outputFileListPaths = (
			);
			outputPaths = (
				"$(DERIVED_FILE_DIR)/Pods-Parstagram-ParstagramUITests-checkManifestLockResult.txt",
			);
			runOnlyForDeploymentPostprocessing = 0;
			shellPath = /bin/sh;
			shellScript = "diff \"${PODS_PODFILE_DIR_PATH}/Podfile.lock\" \"${PODS_ROOT}/Manifest.lock\" > /dev/null\nif [ $? != 0 ] ; then\n    # print error to STDERR\n    echo \"error: The sandbox is not in sync with the Podfile.lock. Run 'pod install' or update your CocoaPods installation.\" >&2\n    exit 1\nfi\n# This output is used by Xcode 'outputs' to avoid re-running this script phase.\necho \"SUCCESS\" > \"${SCRIPT_OUTPUT_FILE_0}\"\n";
			showEnvVarsInLog = 0;
		};
		8760BA16E522E8C9792DE755 /* [CP] Embed Pods Frameworks */ = {
			isa = PBXShellScriptBuildPhase;
			buildActionMask = 2147483647;
			files = (
			);
			inputFileListPaths = (
				"${PODS_ROOT}/Target Support Files/Pods-Parstagram/Pods-Parstagram-frameworks-${CONFIGURATION}-input-files.xcfilelist",
			);
			name = "[CP] Embed Pods Frameworks";
			outputFileListPaths = (
				"${PODS_ROOT}/Target Support Files/Pods-Parstagram/Pods-Parstagram-frameworks-${CONFIGURATION}-output-files.xcfilelist",
			);
			runOnlyForDeploymentPostprocessing = 0;
			shellPath = /bin/sh;
			shellScript = "\"${PODS_ROOT}/Target Support Files/Pods-Parstagram/Pods-Parstagram-frameworks.sh\"\n";
			showEnvVarsInLog = 0;
		};
		B2E38EAB3A14EE9734A16494 /* [CP] Check Pods Manifest.lock */ = {
			isa = PBXShellScriptBuildPhase;
			buildActionMask = 2147483647;
			files = (
			);
			inputFileListPaths = (
			);
			inputPaths = (
				"${PODS_PODFILE_DIR_PATH}/Podfile.lock",
				"${PODS_ROOT}/Manifest.lock",
			);
			name = "[CP] Check Pods Manifest.lock";
			outputFileListPaths = (
			);
			outputPaths = (
				"$(DERIVED_FILE_DIR)/Pods-ParstagramTests-checkManifestLockResult.txt",
			);
			runOnlyForDeploymentPostprocessing = 0;
			shellPath = /bin/sh;
			shellScript = "diff \"${PODS_PODFILE_DIR_PATH}/Podfile.lock\" \"${PODS_ROOT}/Manifest.lock\" > /dev/null\nif [ $? != 0 ] ; then\n    # print error to STDERR\n    echo \"error: The sandbox is not in sync with the Podfile.lock. Run 'pod install' or update your CocoaPods installation.\" >&2\n    exit 1\nfi\n# This output is used by Xcode 'outputs' to avoid re-running this script phase.\necho \"SUCCESS\" > \"${SCRIPT_OUTPUT_FILE_0}\"\n";
			showEnvVarsInLog = 0;
		};
		E701672CE2B7FAD5B10EDB1A /* [CP] Embed Pods Frameworks */ = {
			isa = PBXShellScriptBuildPhase;
			buildActionMask = 2147483647;
			files = (
			);
			inputFileListPaths = (
				"${PODS_ROOT}/Target Support Files/Pods-Parstagram-ParstagramUITests/Pods-Parstagram-ParstagramUITests-frameworks-${CONFIGURATION}-input-files.xcfilelist",
			);
			name = "[CP] Embed Pods Frameworks";
			outputFileListPaths = (
				"${PODS_ROOT}/Target Support Files/Pods-Parstagram-ParstagramUITests/Pods-Parstagram-ParstagramUITests-frameworks-${CONFIGURATION}-output-files.xcfilelist",
			);
			runOnlyForDeploymentPostprocessing = 0;
			shellPath = /bin/sh;
			shellScript = "\"${PODS_ROOT}/Target Support Files/Pods-Parstagram-ParstagramUITests/Pods-Parstagram-ParstagramUITests-frameworks.sh\"\n";
			showEnvVarsInLog = 0;
		};
/* End PBXShellScriptBuildPhase section */

/* Begin PBXSourcesBuildPhase section */
		08B2774126056541007BCAFB /* Sources */ = {
			isa = PBXSourcesBuildPhase;
			buildActionMask = 2147483647;
			files = (
				08A0616826056A0700A69D41 /* LoginViewController.swift in Sources */,
				08A06172260571E500A69D41 /* CameraViewController.swift in Sources */,
				08B2774926056541007BCAFB /* AppDelegate.swift in Sources */,
				08A0616D26056A1100A69D41 /* FeedViewController.swift in Sources */,
				08B2774B26056541007BCAFB /* SceneDelegate.swift in Sources */,
				08E0F0E92605B2FD0018658F /* PostCell.swift in Sources */,
			);
			runOnlyForDeploymentPostprocessing = 0;
		};
		08B2775726056542007BCAFB /* Sources */ = {
			isa = PBXSourcesBuildPhase;
			buildActionMask = 2147483647;
			files = (
				08B2776026056542007BCAFB /* ParstagramTests.swift in Sources */,
			);
			runOnlyForDeploymentPostprocessing = 0;
		};
		08B2776226056542007BCAFB /* Sources */ = {
			isa = PBXSourcesBuildPhase;
			buildActionMask = 2147483647;
			files = (
				08B2776B26056542007BCAFB /* ParstagramUITests.swift in Sources */,
			);
			runOnlyForDeploymentPostprocessing = 0;
		};
/* End PBXSourcesBuildPhase section */

/* Begin PBXTargetDependency section */
		08B2775D26056542007BCAFB /* PBXTargetDependency */ = {
			isa = PBXTargetDependency;
			target = 08B2774426056541007BCAFB /* Parstagram */;
			targetProxy = 08B2775C26056542007BCAFB /* PBXContainerItemProxy */;
		};
		08B2776826056542007BCAFB /* PBXTargetDependency */ = {
			isa = PBXTargetDependency;
			target = 08B2774426056541007BCAFB /* Parstagram */;
			targetProxy = 08B2776726056542007BCAFB /* PBXContainerItemProxy */;
		};
/* End PBXTargetDependency section */

/* Begin PBXVariantGroup section */
		08B2774E26056541007BCAFB /* Main.storyboard */ = {
			isa = PBXVariantGroup;
			children = (
				08B2774F26056541007BCAFB /* Base */,
			);
			name = Main.storyboard;
			sourceTree = "<group>";
		};
		08B2775326056542007BCAFB /* LaunchScreen.storyboard */ = {
			isa = PBXVariantGroup;
			children = (
				08B2775426056542007BCAFB /* Base */,
			);
			name = LaunchScreen.storyboard;
			sourceTree = "<group>";
		};
/* End PBXVariantGroup section */

/* Begin XCBuildConfiguration section */
		08B2776D26056542007BCAFB /* Debug */ = {
			isa = XCBuildConfiguration;
			buildSettings = {
				ALWAYS_SEARCH_USER_PATHS = NO;
				CLANG_ANALYZER_NONNULL = YES;
				CLANG_ANALYZER_NUMBER_OBJECT_CONVERSION = YES_AGGRESSIVE;
				CLANG_CXX_LANGUAGE_STANDARD = "gnu++14";
				CLANG_CXX_LIBRARY = "libc++";
				CLANG_ENABLE_MODULES = YES;
				CLANG_ENABLE_OBJC_ARC = YES;
				CLANG_ENABLE_OBJC_WEAK = YES;
				CLANG_WARN_BLOCK_CAPTURE_AUTORELEASING = YES;
				CLANG_WARN_BOOL_CONVERSION = YES;
				CLANG_WARN_COMMA = YES;
				CLANG_WARN_CONSTANT_CONVERSION = YES;
				CLANG_WARN_DEPRECATED_OBJC_IMPLEMENTATIONS = YES;
				CLANG_WARN_DIRECT_OBJC_ISA_USAGE = YES_ERROR;
				CLANG_WARN_DOCUMENTATION_COMMENTS = YES;
				CLANG_WARN_EMPTY_BODY = YES;
				CLANG_WARN_ENUM_CONVERSION = YES;
				CLANG_WARN_INFINITE_RECURSION = YES;
				CLANG_WARN_INT_CONVERSION = YES;
				CLANG_WARN_NON_LITERAL_NULL_CONVERSION = YES;
				CLANG_WARN_OBJC_IMPLICIT_RETAIN_SELF = YES;
				CLANG_WARN_OBJC_LITERAL_CONVERSION = YES;
				CLANG_WARN_OBJC_ROOT_CLASS = YES_ERROR;
				CLANG_WARN_QUOTED_INCLUDE_IN_FRAMEWORK_HEADER = YES;
				CLANG_WARN_RANGE_LOOP_ANALYSIS = YES;
				CLANG_WARN_STRICT_PROTOTYPES = YES;
				CLANG_WARN_SUSPICIOUS_MOVE = YES;
				CLANG_WARN_UNGUARDED_AVAILABILITY = YES_AGGRESSIVE;
				CLANG_WARN_UNREACHABLE_CODE = YES;
				CLANG_WARN__DUPLICATE_METHOD_MATCH = YES;
				COPY_PHASE_STRIP = NO;
				DEBUG_INFORMATION_FORMAT = dwarf;
				ENABLE_STRICT_OBJC_MSGSEND = YES;
				ENABLE_TESTABILITY = YES;
				GCC_C_LANGUAGE_STANDARD = gnu11;
				GCC_DYNAMIC_NO_PIC = NO;
				GCC_NO_COMMON_BLOCKS = YES;
				GCC_OPTIMIZATION_LEVEL = 0;
				GCC_PREPROCESSOR_DEFINITIONS = (
					"DEBUG=1",
					"$(inherited)",
				);
				GCC_WARN_64_TO_32_BIT_CONVERSION = YES;
				GCC_WARN_ABOUT_RETURN_TYPE = YES_ERROR;
				GCC_WARN_UNDECLARED_SELECTOR = YES;
				GCC_WARN_UNINITIALIZED_AUTOS = YES_AGGRESSIVE;
				GCC_WARN_UNUSED_FUNCTION = YES;
				GCC_WARN_UNUSED_VARIABLE = YES;
				IPHONEOS_DEPLOYMENT_TARGET = 14.4;
				MTL_ENABLE_DEBUG_INFO = INCLUDE_SOURCE;
				MTL_FAST_MATH = YES;
				ONLY_ACTIVE_ARCH = YES;
				SDKROOT = iphoneos;
				SWIFT_ACTIVE_COMPILATION_CONDITIONS = DEBUG;
				SWIFT_OPTIMIZATION_LEVEL = "-Onone";
			};
			name = Debug;
		};
		08B2776E26056542007BCAFB /* Release */ = {
			isa = XCBuildConfiguration;
			buildSettings = {
				ALWAYS_SEARCH_USER_PATHS = NO;
				CLANG_ANALYZER_NONNULL = YES;
				CLANG_ANALYZER_NUMBER_OBJECT_CONVERSION = YES_AGGRESSIVE;
				CLANG_CXX_LANGUAGE_STANDARD = "gnu++14";
				CLANG_CXX_LIBRARY = "libc++";
				CLANG_ENABLE_MODULES = YES;
				CLANG_ENABLE_OBJC_ARC = YES;
				CLANG_ENABLE_OBJC_WEAK = YES;
				CLANG_WARN_BLOCK_CAPTURE_AUTORELEASING = YES;
				CLANG_WARN_BOOL_CONVERSION = YES;
				CLANG_WARN_COMMA = YES;
				CLANG_WARN_CONSTANT_CONVERSION = YES;
				CLANG_WARN_DEPRECATED_OBJC_IMPLEMENTATIONS = YES;
				CLANG_WARN_DIRECT_OBJC_ISA_USAGE = YES_ERROR;
				CLANG_WARN_DOCUMENTATION_COMMENTS = YES;
				CLANG_WARN_EMPTY_BODY = YES;
				CLANG_WARN_ENUM_CONVERSION = YES;
				CLANG_WARN_INFINITE_RECURSION = YES;
				CLANG_WARN_INT_CONVERSION = YES;
				CLANG_WARN_NON_LITERAL_NULL_CONVERSION = YES;
				CLANG_WARN_OBJC_IMPLICIT_RETAIN_SELF = YES;
				CLANG_WARN_OBJC_LITERAL_CONVERSION = YES;
				CLANG_WARN_OBJC_ROOT_CLASS = YES_ERROR;
				CLANG_WARN_QUOTED_INCLUDE_IN_FRAMEWORK_HEADER = YES;
				CLANG_WARN_RANGE_LOOP_ANALYSIS = YES;
				CLANG_WARN_STRICT_PROTOTYPES = YES;
				CLANG_WARN_SUSPICIOUS_MOVE = YES;
				CLANG_WARN_UNGUARDED_AVAILABILITY = YES_AGGRESSIVE;
				CLANG_WARN_UNREACHABLE_CODE = YES;
				CLANG_WARN__DUPLICATE_METHOD_MATCH = YES;
				COPY_PHASE_STRIP = NO;
				DEBUG_INFORMATION_FORMAT = "dwarf-with-dsym";
				ENABLE_NS_ASSERTIONS = NO;
				ENABLE_STRICT_OBJC_MSGSEND = YES;
				GCC_C_LANGUAGE_STANDARD = gnu11;
				GCC_NO_COMMON_BLOCKS = YES;
				GCC_WARN_64_TO_32_BIT_CONVERSION = YES;
				GCC_WARN_ABOUT_RETURN_TYPE = YES_ERROR;
				GCC_WARN_UNDECLARED_SELECTOR = YES;
				GCC_WARN_UNINITIALIZED_AUTOS = YES_AGGRESSIVE;
				GCC_WARN_UNUSED_FUNCTION = YES;
				GCC_WARN_UNUSED_VARIABLE = YES;
				IPHONEOS_DEPLOYMENT_TARGET = 14.4;
				MTL_ENABLE_DEBUG_INFO = NO;
				MTL_FAST_MATH = YES;
				SDKROOT = iphoneos;
				SWIFT_COMPILATION_MODE = wholemodule;
				SWIFT_OPTIMIZATION_LEVEL = "-O";
				VALIDATE_PRODUCT = YES;
			};
			name = Release;
		};
		08B2777026056542007BCAFB /* Debug */ = {
			isa = XCBuildConfiguration;
			baseConfigurationReference = E3D232D784ED66427A22ED7D /* Pods-Parstagram.debug.xcconfig */;
			buildSettings = {
				ASSETCATALOG_COMPILER_APPICON_NAME = AppIcon;
				ASSETCATALOG_COMPILER_GLOBAL_ACCENT_COLOR_NAME = AccentColor;
				CODE_SIGN_STYLE = Automatic;
				INFOPLIST_FILE = Parstagram/Info.plist;
				LD_RUNPATH_SEARCH_PATHS = (
					"$(inherited)",
					"@executable_path/Frameworks",
				);
				PRODUCT_BUNDLE_IDENTIFIER = pantojabruin.Parstagram;
				PRODUCT_NAME = "$(TARGET_NAME)";
				SWIFT_VERSION = 5.0;
				TARGETED_DEVICE_FAMILY = "1,2";
			};
			name = Debug;
		};
		08B2777126056542007BCAFB /* Release */ = {
			isa = XCBuildConfiguration;
			baseConfigurationReference = 15D13DF3AF8BFB01BE1F6108 /* Pods-Parstagram.release.xcconfig */;
			buildSettings = {
				ASSETCATALOG_COMPILER_APPICON_NAME = AppIcon;
				ASSETCATALOG_COMPILER_GLOBAL_ACCENT_COLOR_NAME = AccentColor;
				CODE_SIGN_STYLE = Automatic;
				INFOPLIST_FILE = Parstagram/Info.plist;
				LD_RUNPATH_SEARCH_PATHS = (
					"$(inherited)",
					"@executable_path/Frameworks",
				);
				PRODUCT_BUNDLE_IDENTIFIER = pantojabruin.Parstagram;
				PRODUCT_NAME = "$(TARGET_NAME)";
				SWIFT_VERSION = 5.0;
				TARGETED_DEVICE_FAMILY = "1,2";
			};
			name = Release;
		};
		08B2777326056542007BCAFB /* Debug */ = {
			isa = XCBuildConfiguration;
			baseConfigurationReference = BEDA2F90DF44BADB1964C5F3 /* Pods-ParstagramTests.debug.xcconfig */;
			buildSettings = {
				ALWAYS_EMBED_SWIFT_STANDARD_LIBRARIES = YES;
				BUNDLE_LOADER = "$(TEST_HOST)";
				CODE_SIGN_STYLE = Automatic;
				INFOPLIST_FILE = ParstagramTests/Info.plist;
				IPHONEOS_DEPLOYMENT_TARGET = 14.4;
				LD_RUNPATH_SEARCH_PATHS = (
					"$(inherited)",
					"@executable_path/Frameworks",
					"@loader_path/Frameworks",
				);
				PRODUCT_BUNDLE_IDENTIFIER = pantojabruin.ParstagramTests;
				PRODUCT_NAME = "$(TARGET_NAME)";
				SWIFT_VERSION = 5.0;
				TARGETED_DEVICE_FAMILY = "1,2";
				TEST_HOST = "$(BUILT_PRODUCTS_DIR)/Parstagram.app/Parstagram";
			};
			name = Debug;
		};
		08B2777426056542007BCAFB /* Release */ = {
			isa = XCBuildConfiguration;
			baseConfigurationReference = DA678F25B371B915BFA3972E /* Pods-ParstagramTests.release.xcconfig */;
			buildSettings = {
				ALWAYS_EMBED_SWIFT_STANDARD_LIBRARIES = YES;
				BUNDLE_LOADER = "$(TEST_HOST)";
				CODE_SIGN_STYLE = Automatic;
				INFOPLIST_FILE = ParstagramTests/Info.plist;
				IPHONEOS_DEPLOYMENT_TARGET = 14.4;
				LD_RUNPATH_SEARCH_PATHS = (
					"$(inherited)",
					"@executable_path/Frameworks",
					"@loader_path/Frameworks",
				);
				PRODUCT_BUNDLE_IDENTIFIER = pantojabruin.ParstagramTests;
				PRODUCT_NAME = "$(TARGET_NAME)";
				SWIFT_VERSION = 5.0;
				TARGETED_DEVICE_FAMILY = "1,2";
				TEST_HOST = "$(BUILT_PRODUCTS_DIR)/Parstagram.app/Parstagram";
			};
			name = Release;
		};
		08B2777626056542007BCAFB /* Debug */ = {
			isa = XCBuildConfiguration;
			baseConfigurationReference = 6D1990F7417F6774E25F0FE0 /* Pods-Parstagram-ParstagramUITests.debug.xcconfig */;
			buildSettings = {
				ALWAYS_EMBED_SWIFT_STANDARD_LIBRARIES = YES;
				CODE_SIGN_STYLE = Automatic;
				INFOPLIST_FILE = ParstagramUITests/Info.plist;
				LD_RUNPATH_SEARCH_PATHS = (
					"$(inherited)",
					"@executable_path/Frameworks",
					"@loader_path/Frameworks",
				);
				PRODUCT_BUNDLE_IDENTIFIER = pantojabruin.ParstagramUITests;
				PRODUCT_NAME = "$(TARGET_NAME)";
				SWIFT_VERSION = 5.0;
				TARGETED_DEVICE_FAMILY = "1,2";
				TEST_TARGET_NAME = Parstagram;
			};
			name = Debug;
		};
		08B2777726056542007BCAFB /* Release */ = {
			isa = XCBuildConfiguration;
			baseConfigurationReference = F7E48B91E3ECF07E7D67E165 /* Pods-Parstagram-ParstagramUITests.release.xcconfig */;
			buildSettings = {
				ALWAYS_EMBED_SWIFT_STANDARD_LIBRARIES = YES;
				CODE_SIGN_STYLE = Automatic;
				INFOPLIST_FILE = ParstagramUITests/Info.plist;
				LD_RUNPATH_SEARCH_PATHS = (
					"$(inherited)",
					"@executable_path/Frameworks",
					"@loader_path/Frameworks",
				);
				PRODUCT_BUNDLE_IDENTIFIER = pantojabruin.ParstagramUITests;
				PRODUCT_NAME = "$(TARGET_NAME)";
				SWIFT_VERSION = 5.0;
				TARGETED_DEVICE_FAMILY = "1,2";
				TEST_TARGET_NAME = Parstagram;
			};
			name = Release;
		};
/* End XCBuildConfiguration section */

/* Begin XCConfigurationList section */
		08B2774026056541007BCAFB /* Build configuration list for PBXProject "Parstagram" */ = {
			isa = XCConfigurationList;
			buildConfigurations = (
				08B2776D26056542007BCAFB /* Debug */,
				08B2776E26056542007BCAFB /* Release */,
			);
			defaultConfigurationIsVisible = 0;
			defaultConfigurationName = Release;
		};
		08B2776F26056542007BCAFB /* Build configuration list for PBXNativeTarget "Parstagram" */ = {
			isa = XCConfigurationList;
			buildConfigurations = (
				08B2777026056542007BCAFB /* Debug */,
				08B2777126056542007BCAFB /* Release */,
			);
			defaultConfigurationIsVisible = 0;
			defaultConfigurationName = Release;
		};
		08B2777226056542007BCAFB /* Build configuration list for PBXNativeTarget "ParstagramTests" */ = {
			isa = XCConfigurationList;
			buildConfigurations = (
				08B2777326056542007BCAFB /* Debug */,
				08B2777426056542007BCAFB /* Release */,
			);
			defaultConfigurationIsVisible = 0;
			defaultConfigurationName = Release;
		};
		08B2777526056542007BCAFB /* Build configuration list for PBXNativeTarget "ParstagramUITests" */ = {
			isa = XCConfigurationList;
			buildConfigurations = (
				08B2777626056542007BCAFB /* Debug */,
				08B2777726056542007BCAFB /* Release */,
			);
			defaultConfigurationIsVisible = 0;
			defaultConfigurationName = Release;
		};
/* End XCConfigurationList section */
	};
	rootObject = 08B2773D26056541007BCAFB /* Project object */;
}
